
Microsoft Visual Studio Solution File, Format Version 11.00
# Visual Studio 2010
Project("{F2A71F9B-5D33-465A-A702-920D77279786}") = "task3", "task3\task3.fsproj", "{4C8A8453-F5C6-41AB-AF3F-90A0DF3D0676}"
EndProject
Global
	GlobalSection(SolutionConfigurationPlatforms) = preSolution
		Debug|x86 = Debug|x86
		Release|x86 = Release|x86
	EndGlobalSection
	GlobalSection(ProjectConfigurationPlatforms) = postSolution
		{4C8A8453-F5C6-41AB-AF3F-90A0DF3D0676}.Debug|x86.ActiveCfg = Debug|x86
		{4C8A8453-F5C6-41AB-AF3F-90A0DF3D0676}.Debug|x86.Build.0 = Debug|x86
		{4C8A8453-F5C6-41AB-AF3F-90A0DF3D0676}.Release|x86.ActiveCfg = Release|x86
		{4C8A8453-F5C6-41AB-AF3F-90A0DF3D0676}.Release|x86.Build.0 = Release|x86
	EndGlobalSection
	GlobalSection(SolutionProperties) = preSolution
		HideSolutionNode = FALSE
	EndGlobalSection
EndGlobal
