
Microsoft Visual Studio Solution File, Format Version 11.00
# Visual Studio 2010
Project("{F2A71F9B-5D33-465A-A702-920D77279786}") = "task2", "task2\task2.fsproj", "{0F5EFDDA-3BB6-4FF8-B994-6FB2EA95D58A}"
EndProject
Global
	GlobalSection(SolutionConfigurationPlatforms) = preSolution
		Debug|x86 = Debug|x86
		Release|x86 = Release|x86
	EndGlobalSection
	GlobalSection(ProjectConfigurationPlatforms) = postSolution
		{0F5EFDDA-3BB6-4FF8-B994-6FB2EA95D58A}.Debug|x86.ActiveCfg = Debug|x86
		{0F5EFDDA-3BB6-4FF8-B994-6FB2EA95D58A}.Debug|x86.Build.0 = Debug|x86
		{0F5EFDDA-3BB6-4FF8-B994-6FB2EA95D58A}.Release|x86.ActiveCfg = Release|x86
		{0F5EFDDA-3BB6-4FF8-B994-6FB2EA95D58A}.Release|x86.Build.0 = Release|x86
	EndGlobalSection
	GlobalSection(SolutionProperties) = preSolution
		HideSolutionNode = FALSE
	EndGlobalSection
EndGlobal
